
Microsoft Visual Studio Solution File, Format Version 12.00
# Visual Studio Version 16
VisualStudioVersion = 16.0.30517.126
MinimumVisualStudioVersion = 10.0.40219.1
Project("{FAE04EC0-301F-11D3-BF4B-00C04F79EFBC}") = "WebStory", "WebStory\WebStory.csproj", "{FFDE5B5D-6A15-423B-B97E-A1E3D671D275}"
EndProject
Global
	GlobalSection(SolutionConfigurationPlatforms) = preSolution
		Debug|Any CPU = Debug|Any CPU
		Release|Any CPU = Release|Any CPU
	EndGlobalSection
	GlobalSection(ProjectConfigurationPlatforms) = postSolution
		{FFDE5B5D-6A15-423B-B97E-A1E3D671D275}.Debug|Any CPU.ActiveCfg = Debug|Any CPU
		{FFDE5B5D-6A15-423B-B97E-A1E3D671D275}.Debug|Any CPU.Build.0 = Debug|Any CPU
		{FFDE5B5D-6A15-423B-B97E-A1E3D671D275}.Release|Any CPU.ActiveCfg = Release|Any CPU
		{FFDE5B5D-6A15-423B-B97E-A1E3D671D275}.Release|Any CPU.Build.0 = Release|Any CPU
	EndGlobalSection
	GlobalSection(SolutionProperties) = preSolution
		HideSolutionNode = FALSE
	EndGlobalSection
	GlobalSection(ExtensibilityGlobals) = postSolution
		SolutionGuid = {F6C0DF82-BB1B-4EF5-A190-92F28B2DA5C9}
	EndGlobalSection
EndGlobal
